// !$*UTF8*$!
{
	archiveVersion = 1;
	classes = {
	};
	objectVersion = 56;
	objects = {

/* Begin PBXBuildFile section */
		DE023D9F2C2D5FFB00CB1122 /* Ubuntu-Medium.ttf in Resources */ = {isa = PBXBuildFile; fileRef = DE023D972C2D5FFA00CB1122 /* Ubuntu-Medium.ttf */; };
		DE023DA02C2D5FFB00CB1122 /* Ubuntu-LightItalic.ttf in Resources */ = {isa = PBXBuildFile; fileRef = DE023D982C2D5FFA00CB1122 /* Ubuntu-LightItalic.ttf */; };
		DE023DA12C2D5FFB00CB1122 /* Ubuntu-Bold.ttf in Resources */ = {isa = PBXBuildFile; fileRef = DE023D992C2D5FFA00CB1122 /* Ubuntu-Bold.ttf */; };
		DE023DA22C2D5FFB00CB1122 /* Ubuntu-Italic.ttf in Resources */ = {isa = PBXBuildFile; fileRef = DE023D9A2C2D5FFA00CB1122 /* Ubuntu-Italic.ttf */; };
		DE023DA32C2D5FFB00CB1122 /* Ubuntu-Regular.ttf in Resources */ = {isa = PBXBuildFile; fileRef = DE023D9B2C2D5FFA00CB1122 /* Ubuntu-Regular.ttf */; };
		DE023DA42C2D5FFB00CB1122 /* Ubuntu-BoldItalic.ttf in Resources */ = {isa = PBXBuildFile; fileRef = DE023D9C2C2D5FFA00CB1122 /* Ubuntu-BoldItalic.ttf */; };
		DE023DA52C2D5FFB00CB1122 /* Ubuntu-MediumItalic.ttf in Resources */ = {isa = PBXBuildFile; fileRef = DE023D9D2C2D5FFA00CB1122 /* Ubuntu-MediumItalic.ttf */; };
		DE023DA62C2D5FFB00CB1122 /* Ubuntu-Light.ttf in Resources */ = {isa = PBXBuildFile; fileRef = DE023D9E2C2D5FFB00CB1122 /* Ubuntu-Light.ttf */; };
		DE6B50642C2D774C002953B9 /* Font+Extension.swift in Sources */ = {isa = PBXBuildFile; fileRef = DE6B50632C2D774C002953B9 /* Font+Extension.swift */; };
		DE95234D2C298B620097C273 /* CustomFontTutorialApp.swift in Sources */ = {isa = PBXBuildFile; fileRef = DE95234C2C298B620097C273 /* CustomFontTutorialApp.swift */; };
		DE95234F2C298B620097C273 /* ContentView.swift in Sources */ = {isa = PBXBuildFile; fileRef = DE95234E2C298B620097C273 /* ContentView.swift */; };
		DE9523512C298B630097C273 /* Assets.xcassets in Resources */ = {isa = PBXBuildFile; fileRef = DE9523502C298B630097C273 /* Assets.xcassets */; };
		DE9523542C298B630097C273 /* Preview Assets.xcassets in Resources */ = {isa = PBXBuildFile; fileRef = DE9523532C298B630097C273 /* Preview Assets.xcassets */; };
		DE95236D2C29B1260097C273 /* DetailView.swift in Sources */ = {isa = PBXBuildFile; fileRef = DE95236C2C29B1260097C273 /* DetailView.swift */; };
		DEC398022C2AEEE900F9DDE2 /* Launch Screen.storyboard in Resources */ = {isa = PBXBuildFile; fileRef = DEC398012C2AEEE900F9DDE2 /* Launch Screen.storyboard */; };
/* End PBXBuildFile section */

/* Begin PBXFileReference section */
		DE023D972C2D5FFA00CB1122 /* Ubuntu-Medium.ttf */ = {isa = PBXFileReference; lastKnownFileType = file; path = "Ubuntu-Medium.ttf"; sourceTree = "<group>"; };
		DE023D982C2D5FFA00CB1122 /* Ubuntu-LightItalic.ttf */ = {isa = PBXFileReference; lastKnownFileType = file; path = "Ubuntu-LightItalic.ttf"; sourceTree = "<group>"; };
		DE023D992C2D5FFA00CB1122 /* Ubuntu-Bold.ttf */ = {isa = PBXFileReference; lastKnownFileType = file; path = "Ubuntu-Bold.ttf"; sourceTree = "<group>"; };
		DE023D9A2C2D5FFA00CB1122 /* Ubuntu-Italic.ttf */ = {isa = PBXFileReference; lastKnownFileType = file; path = "Ubuntu-Italic.ttf"; sourceTree = "<group>"; };
		DE023D9B2C2D5FFA00CB1122 /* Ubuntu-Regular.ttf */ = {isa = PBXFileReference; lastKnownFileType = file; path = "Ubuntu-Regular.ttf"; sourceTree = "<group>"; };
		DE023D9C2C2D5FFA00CB1122 /* Ubuntu-BoldItalic.ttf */ = {isa = PBXFileReference; lastKnownFileType = file; path = "Ubuntu-BoldItalic.ttf"; sourceTree = "<group>"; };
		DE023D9D2C2D5FFA00CB1122 /* Ubuntu-MediumItalic.ttf */ = {isa = PBXFileReference; lastKnownFileType = file; path = "Ubuntu-MediumItalic.ttf"; sourceTree = "<group>"; };
		DE023D9E2C2D5FFB00CB1122 /* Ubuntu-Light.ttf */ = {isa = PBXFileReference; lastKnownFileType = file; path = "Ubuntu-Light.ttf"; sourceTree = "<group>"; };
		DE267AC42C2D6094008B6773 /* Info.plist */ = {isa = PBXFileReference; lastKnownFileType = text.plist; path = Info.plist; sourceTree = "<group>"; };
		DE6B50632C2D774C002953B9 /* Font+Extension.swift */ = {isa = PBXFileReference; lastKnownFileType = sourcecode.swift; path = "Font+Extension.swift"; sourceTree = "<group>"; };
		DE9523492C298B620097C273 /* CustomFontTutorial.app */ = {isa = PBXFileReference; explicitFileType = wrapper.application; includeInIndex = 0; path = CustomFontTutorial.app; sourceTree = BUILT_PRODUCTS_DIR; };
		DE95234C2C298B620097C273 /* CustomFontTutorialApp.swift */ = {isa = PBXFileReference; lastKnownFileType = sourcecode.swift; path = CustomFontTutorialApp.swift; sourceTree = "<group>"; };
		DE95234E2C298B620097C273 /* ContentView.swift */ = {isa = PBXFileReference; lastKnownFileType = sourcecode.swift; path = ContentView.swift; sourceTree = "<group>"; };
		DE9523502C298B630097C273 /* Assets.xcassets */ = {isa = PBXFileReference; lastKnownFileType = folder.assetcatalog; path = Assets.xcassets; sourceTree = "<group>"; };
		DE9523532C298B630097C273 /* Preview Assets.xcassets */ = {isa = PBXFileReference; lastKnownFileType = folder.assetcatalog; path = "Preview Assets.xcassets"; sourceTree = "<group>"; };
		DE95236C2C29B1260097C273 /* DetailView.swift */ = {isa = PBXFileReference; lastKnownFileType = sourcecode.swift; path = DetailView.swift; sourceTree = "<group>"; };
		DEC398012C2AEEE900F9DDE2 /* Launch Screen.storyboard */ = {isa = PBXFileReference; lastKnownFileType = file.storyboard; path = "Launch Screen.storyboard"; sourceTree = "<group>"; };
/* End PBXFileReference section */

/* Begin PBXFrameworksBuildPhase section */
		DE9523462C298B620097C273 /* Frameworks */ = {
			isa = PBXFrameworksBuildPhase;
			buildActionMask = 2147483647;
			files = (
			);
			runOnlyForDeploymentPostprocessing = 0;
		};
/* End PBXFrameworksBuildPhase section */

/* Begin PBXGroup section */
		DE023D962C2D5FC100CB1122 /* Resources */ = {
			isa = PBXGroup;
			children = (
				DE023D992C2D5FFA00CB1122 /* Ubuntu-Bold.ttf */,
				DE023D9C2C2D5FFA00CB1122 /* Ubuntu-BoldItalic.ttf */,
				DE023D9A2C2D5FFA00CB1122 /* Ubuntu-Italic.ttf */,
				DE023D9E2C2D5FFB00CB1122 /* Ubuntu-Light.ttf */,
				DE023D982C2D5FFA00CB1122 /* Ubuntu-LightItalic.ttf */,
				DE023D972C2D5FFA00CB1122 /* Ubuntu-Medium.ttf */,
				DE023D9D2C2D5FFA00CB1122 /* Ubuntu-MediumItalic.ttf */,
				DE023D9B2C2D5FFA00CB1122 /* Ubuntu-Regular.ttf */,
			);
			path = Resources;
			sourceTree = "<group>";
		};
		DE9523402C298B620097C273 = {
			isa = PBXGroup;
			children = (
				DE95234B2C298B620097C273 /* CustomFontTutorial */,
				DE95234A2C298B620097C273 /* Products */,
			);
			sourceTree = "<group>";
		};
		DE95234A2C298B620097C273 /* Products */ = {
			isa = PBXGroup;
			children = (
				DE9523492C298B620097C273 /* CustomFontTutorial.app */,
			);
			name = Products;
			sourceTree = "<group>";
		};
		DE95234B2C298B620097C273 /* CustomFontTutorial */ = {
			isa = PBXGroup;
			children = (
				DE267AC42C2D6094008B6773 /* Info.plist */,
				DE023D962C2D5FC100CB1122 /* Resources */,
				DE95234C2C298B620097C273 /* CustomFontTutorialApp.swift */,
				DE95234E2C298B620097C273 /* ContentView.swift */,
				DE95236C2C29B1260097C273 /* DetailView.swift */,
				DE6B50632C2D774C002953B9 /* Font+Extension.swift */,
				DE9523502C298B630097C273 /* Assets.xcassets */,
				DEC398012C2AEEE900F9DDE2 /* Launch Screen.storyboard */,
				DE9523522C298B630097C273 /* Preview Content */,
			);
			path = CustomFontTutorial;
			sourceTree = "<group>";
		};
		DE9523522C298B630097C273 /* Preview Content */ = {
			isa = PBXGroup;
			children = (
				DE9523532C298B630097C273 /* Preview Assets.xcassets */,
			);
			path = "Preview Content";
			sourceTree = "<group>";
		};
/* End PBXGroup section */

/* Begin PBXNativeTarget section */
		DE9523482C298B620097C273 /* CustomFontTutorial */ = {
			isa = PBXNativeTarget;
			buildConfigurationList = DE9523572C298B630097C273 /* Build configuration list for PBXNativeTarget "CustomFontTutorial" */;
			buildPhases = (
				DE9523452C298B620097C273 /* Sources */,
				DE9523462C298B620097C273 /* Frameworks */,
				DE9523472C298B620097C273 /* Resources */,
			);
			buildRules = (
			);
			dependencies = (
			);
			name = CustomFontTutorial;
			productName = CustomFontTutorial;
			productReference = DE9523492C298B620097C273 /* CustomFontTutorial.app */;
			productType = "com.apple.product-type.application";
		};
/* End PBXNativeTarget section */

/* Begin PBXProject section */
		DE9523412C298B620097C273 /* Project object */ = {
			isa = PBXProject;
			attributes = {
				BuildIndependentTargetsInParallel = 1;
				LastSwiftUpdateCheck = 1540;
				LastUpgradeCheck = 1540;
				TargetAttributes = {
					DE9523482C298B620097C273 = {
						CreatedOnToolsVersion = 15.4;
					};
				};
			};
			buildConfigurationList = DE9523442C298B620097C273 /* Build configuration list for PBXProject "CustomFontTutorial" */;
			compatibilityVersion = "Xcode 14.0";
			developmentRegion = en;
			hasScannedForEncodings = 0;
			knownRegions = (
				en,
				Base,
			);
			mainGroup = DE9523402C298B620097C273;
			productRefGroup = DE95234A2C298B620097C273 /* Products */;
			projectDirPath = "";
			projectRoot = "";
			targets = (
				DE9523482C298B620097C273 /* CustomFontTutorial */,
			);
		};
/* End PBXProject section */

/* Begin PBXResourcesBuildPhase section */
		DE9523472C298B620097C273 /* Resources */ = {
			isa = PBXResourcesBuildPhase;
			buildActionMask = 2147483647;
			files = (
				DE023DA32C2D5FFB00CB1122 /* Ubuntu-Regular.ttf in Resources */,
				DE023DA02C2D5FFB00CB1122 /* Ubuntu-LightItalic.ttf in Resources */,
				DE023DA52C2D5FFB00CB1122 /* Ubuntu-MediumItalic.ttf in Resources */,
				DE023DA42C2D5FFB00CB1122 /* Ubuntu-BoldItalic.ttf in Resources */,
				DE023DA62C2D5FFB00CB1122 /* Ubuntu-Light.ttf in Resources */,
				DE9523542C298B630097C273 /* Preview Assets.xcassets in Resources */,
				DE023DA12C2D5FFB00CB1122 /* Ubuntu-Bold.ttf in Resources */,
				DE023DA22C2D5FFB00CB1122 /* Ubuntu-Italic.ttf in Resources */,
				DEC398022C2AEEE900F9DDE2 /* Launch Screen.storyboard in Resources */,
				DE023D9F2C2D5FFB00CB1122 /* Ubuntu-Medium.ttf in Resources */,
				DE9523512C298B630097C273 /* Assets.xcassets in Resources */,
			);
			runOnlyForDeploymentPostprocessing = 0;
		};
/* End PBXResourcesBuildPhase section */

/* Begin PBXSourcesBuildPhase section */
		DE9523452C298B620097C273 /* Sources */ = {
			isa = PBXSourcesBuildPhase;
			buildActionMask = 2147483647;
			files = (
				DE95234F2C298B620097C273 /* ContentView.swift in Sources */,
				DE95236D2C29B1260097C273 /* DetailView.swift in Sources */,
				DE6B50642C2D774C002953B9 /* Font+Extension.swift in Sources */,
				DE95234D2C298B620097C273 /* CustomFontTutorialApp.swift in Sources */,
			);
			runOnlyForDeploymentPostprocessing = 0;
		};
/* End PBXSourcesBuildPhase section */

/* Begin XCBuildConfiguration section */
		DE9523552C298B630097C273 /* Debug */ = {
			isa = XCBuildConfiguration;
			buildSettings = {
				ALWAYS_SEARCH_USER_PATHS = NO;
				ASSETCATALOG_COMPILER_GENERATE_SWIFT_ASSET_SYMBOL_EXTENSIONS = YES;
				CLANG_ANALYZER_NONNULL = YES;
				CLANG_ANALYZER_NUMBER_OBJECT_CONVERSION = YES_AGGRESSIVE;
				CLANG_CXX_LANGUAGE_STANDARD = "gnu++20";
				CLANG_ENABLE_MODULES = YES;
				CLANG_ENABLE_OBJC_ARC = YES;
				CLANG_ENABLE_OBJC_WEAK = YES;
				CLANG_WARN_BLOCK_CAPTURE_AUTORELEASING = YES;
				CLANG_WARN_BOOL_CONVERSION = YES;
				CLANG_WARN_COMMA = YES;
				CLANG_WARN_CONSTANT_CONVERSION = YES;
				CLANG_WARN_DEPRECATED_OBJC_IMPLEMENTATIONS = YES;
				CLANG_WARN_DIRECT_OBJC_ISA_USAGE = YES_ERROR;
				CLANG_WARN_DOCUMENTATION_COMMENTS = YES;
				CLANG_WARN_EMPTY_BODY = YES;
				CLANG_WARN_ENUM_CONVERSION = YES;
				CLANG_WARN_INFINITE_RECURSION = YES;
				CLANG_WARN_INT_CONVERSION = YES;
				CLANG_WARN_NON_LITERAL_NULL_CONVERSION = YES;
				CLANG_WARN_OBJC_IMPLICIT_RETAIN_SELF = YES;
				CLANG_WARN_OBJC_LITERAL_CONVERSION = YES;
				CLANG_WARN_OBJC_ROOT_CLASS = YES_ERROR;
				CLANG_WARN_QUOTED_INCLUDE_IN_FRAMEWORK_HEADER = YES;
				CLANG_WARN_RANGE_LOOP_ANALYSIS = YES;
				CLANG_WARN_STRICT_PROTOTYPES = YES;
				CLANG_WARN_SUSPICIOUS_MOVE = YES;
				CLANG_WARN_UNGUARDED_AVAILABILITY = YES_AGGRESSIVE;
				CLANG_WARN_UNREACHABLE_CODE = YES;
				CLANG_WARN__DUPLICATE_METHOD_MATCH = YES;
				COPY_PHASE_STRIP = NO;
				DEBUG_INFORMATION_FORMAT = dwarf;
				ENABLE_STRICT_OBJC_MSGSEND = YES;
				ENABLE_TESTABILITY = YES;
				ENABLE_USER_SCRIPT_SANDBOXING = YES;
				GCC_C_LANGUAGE_STANDARD = gnu17;
				GCC_DYNAMIC_NO_PIC = NO;
				GCC_NO_COMMON_BLOCKS = YES;
				GCC_OPTIMIZATION_LEVEL = 0;
				GCC_PREPROCESSOR_DEFINITIONS = (
					"DEBUG=1",
					"$(inherited)",
				);
				GCC_WARN_64_TO_32_BIT_CONVERSION = YES;
				GCC_WARN_ABOUT_RETURN_TYPE = YES_ERROR;
				GCC_WARN_UNDECLARED_SELECTOR = YES;
				GCC_WARN_UNINITIALIZED_AUTOS = YES_AGGRESSIVE;
				GCC_WARN_UNUSED_FUNCTION = YES;
				GCC_WARN_UNUSED_VARIABLE = YES;
				IPHONEOS_DEPLOYMENT_TARGET = 17.5;
				LOCALIZATION_PREFERS_STRING_CATALOGS = YES;
				MTL_ENABLE_DEBUG_INFO = INCLUDE_SOURCE;
				MTL_FAST_MATH = YES;
				ONLY_ACTIVE_ARCH = YES;
				SDKROOT = iphoneos;
				SWIFT_ACTIVE_COMPILATION_CONDITIONS = "DEBUG $(inherited)";
				SWIFT_OPTIMIZATION_LEVEL = "-Onone";
			};
			name = Debug;
		};
		DE9523562C298B630097C273 /* Release */ = {
			isa = XCBuildConfiguration;
			buildSettings = {
				ALWAYS_SEARCH_USER_PATHS = NO;
				ASSETCATALOG_COMPILER_GENERATE_SWIFT_ASSET_SYMBOL_EXTENSIONS = YES;
				CLANG_ANALYZER_NONNULL = YES;
				CLANG_ANALYZER_NUMBER_OBJECT_CONVERSION = YES_AGGRESSIVE;
				CLANG_CXX_LANGUAGE_STANDARD = "gnu++20";
				CLANG_ENABLE_MODULES = YES;
				CLANG_ENABLE_OBJC_ARC = YES;
				CLANG_ENABLE_OBJC_WEAK = YES;
				CLANG_WARN_BLOCK_CAPTURE_AUTORELEASING = YES;
				CLANG_WARN_BOOL_CONVERSION = YES;
				CLANG_WARN_COMMA = YES;
				CLANG_WARN_CONSTANT_CONVERSION = YES;
				CLANG_WARN_DEPRECATED_OBJC_IMPLEMENTATIONS = YES;
				CLANG_WARN_DIRECT_OBJC_ISA_USAGE = YES_ERROR;
				CLANG_WARN_DOCUMENTATION_COMMENTS = YES;
				CLANG_WARN_EMPTY_BODY = YES;
				CLANG_WARN_ENUM_CONVERSION = YES;
				CLANG_WARN_INFINITE_RECURSION = YES;
				CLANG_WARN_INT_CONVERSION = YES;
				CLANG_WARN_NON_LITERAL_NULL_CONVERSION = YES;
				CLANG_WARN_OBJC_IMPLICIT_RETAIN_SELF = YES;
				CLANG_WARN_OBJC_LITERAL_CONVERSION = YES;
				CLANG_WARN_OBJC_ROOT_CLASS = YES_ERROR;
				CLANG_WARN_QUOTED_INCLUDE_IN_FRAMEWORK_HEADER = YES;
				CLANG_WARN_RANGE_LOOP_ANALYSIS = YES;
				CLANG_WARN_STRICT_PROTOTYPES = YES;
				CLANG_WARN_SUSPICIOUS_MOVE = YES;
				CLANG_WARN_UNGUARDED_AVAILABILITY = YES_AGGRESSIVE;
				CLANG_WARN_UNREACHABLE_CODE = YES;
				CLANG_WARN__DUPLICATE_METHOD_MATCH = YES;
				COPY_PHASE_STRIP = NO;
				DEBUG_INFORMATION_FORMAT = "dwarf-with-dsym";
				ENABLE_NS_ASSERTIONS = NO;
				ENABLE_STRICT_OBJC_MSGSEND = YES;
				ENABLE_USER_SCRIPT_SANDBOXING = YES;
				GCC_C_LANGUAGE_STANDARD = gnu17;
				GCC_NO_COMMON_BLOCKS = YES;
				GCC_WARN_64_TO_32_BIT_CONVERSION = YES;
				GCC_WARN_ABOUT_RETURN_TYPE = YES_ERROR;
				GCC_WARN_UNDECLARED_SELECTOR = YES;
				GCC_WARN_UNINITIALIZED_AUTOS = YES_AGGRESSIVE;
				GCC_WARN_UNUSED_FUNCTION = YES;
				GCC_WARN_UNUSED_VARIABLE = YES;
				IPHONEOS_DEPLOYMENT_TARGET = 17.5;
				LOCALIZATION_PREFERS_STRING_CATALOGS = YES;
				MTL_ENABLE_DEBUG_INFO = NO;
				MTL_FAST_MATH = YES;
				SDKROOT = iphoneos;
				SWIFT_COMPILATION_MODE = wholemodule;
				VALIDATE_PRODUCT = YES;
			};
			name = Release;
		};
		DE9523582C298B630097C273 /* Debug */ = {
			isa = XCBuildConfiguration;
			buildSettings = {
				ASSETCATALOG_COMPILER_APPICON_NAME = AppIcon;
				ASSETCATALOG_COMPILER_GLOBAL_ACCENT_COLOR_NAME = AccentColor;
				CODE_SIGN_STYLE = Automatic;
				CURRENT_PROJECT_VERSION = 1;
				DEVELOPMENT_ASSET_PATHS = "\"CustomFontTutorial/Preview Content\"";
				DEVELOPMENT_TEAM = 5RM3B24YU6;
				ENABLE_PREVIEWS = YES;
				GENERATE_INFOPLIST_FILE = YES;
				INFOPLIST_FILE = CustomFontTutorial/Info.plist;
				INFOPLIST_KEY_CFBundleDisplayName = "Custom Font";
				INFOPLIST_KEY_UIApplicationSceneManifest_Generation = YES;
				INFOPLIST_KEY_UIApplicationSupportsIndirectInputEvents = YES;
				INFOPLIST_KEY_UILaunchScreen_Generation = YES;
				INFOPLIST_KEY_UILaunchStoryboardName = "Launch Screen.storyboard";
				INFOPLIST_KEY_UISupportedInterfaceOrientations_iPad = "UIInterfaceOrientationPortrait UIInterfaceOrientationPortraitUpsideDown UIInterfaceOrientationLandscapeLeft UIInterfaceOrientationLandscapeRight";
				INFOPLIST_KEY_UISupportedInterfaceOrientations_iPhone = "UIInterfaceOrientationPortrait UIInterfaceOrientationLandscapeLeft UIInterfaceOrientationLandscapeRight";
				LD_RUNPATH_SEARCH_PATHS = (
					"$(inherited)",
					"@executable_path/Frameworks",
				);
				MARKETING_VERSION = 1.0;
				PRODUCT_BUNDLE_IDENTIFIER = com.yuumamobile.CustomFontTutorial;
				PRODUCT_NAME = "$(TARGET_NAME)";
				SWIFT_EMIT_LOC_STRINGS = YES;
				SWIFT_VERSION = 5.0;
				TARGETED_DEVICE_FAMILY = "1,2";
			};
			name = Debug;
		};
		DE9523592C298B630097C273 /* Release */ = {
			isa = XCBuildConfiguration;
			buildSettings = {
				ASSETCATALOG_COMPILER_APPICON_NAME = AppIcon;
				ASSETCATALOG_COMPILER_GLOBAL_ACCENT_COLOR_NAME = AccentColor;
				CODE_SIGN_STYLE = Automatic;
				CURRENT_PROJECT_VERSION = 1;
				DEVELOPMENT_ASSET_PATHS = "\"CustomFontTutorial/Preview Content\"";
				DEVELOPMENT_TEAM = 5RM3B24YU6;
				ENABLE_PREVIEWS = YES;
				GENERATE_INFOPLIST_FILE = YES;
				INFOPLIST_FILE = CustomFontTutorial/Info.plist;
				INFOPLIST_KEY_CFBundleDisplayName = "Custom Font";
				INFOPLIST_KEY_UIApplicationSceneManifest_Generation = YES;
				INFOPLIST_KEY_UIApplicationSupportsIndirectInputEvents = YES;
				INFOPLIST_KEY_UILaunchScreen_Generation = YES;
				INFOPLIST_KEY_UILaunchStoryboardName = "Launch Screen.storyboard";
				INFOPLIST_KEY_UISupportedInterfaceOrientations_iPad = "UIInterfaceOrientationPortrait UIInterfaceOrientationPortraitUpsideDown UIInterfaceOrientationLandscapeLeft UIInterfaceOrientationLandscapeRight";
				INFOPLIST_KEY_UISupportedInterfaceOrientations_iPhone = "UIInterfaceOrientationPortrait UIInterfaceOrientationLandscapeLeft UIInterfaceOrientationLandscapeRight";
				LD_RUNPATH_SEARCH_PATHS = (
					"$(inherited)",
					"@executable_path/Frameworks",
				);
				MARKETING_VERSION = 1.0;
				PRODUCT_BUNDLE_IDENTIFIER = com.yuumamobile.CustomFontTutorial;
				PRODUCT_NAME = "$(TARGET_NAME)";
				SWIFT_EMIT_LOC_STRINGS = YES;
				SWIFT_VERSION = 5.0;
				TARGETED_DEVICE_FAMILY = "1,2";
			};
			name = Release;
		};
/* End XCBuildConfiguration section */

/* Begin XCConfigurationList section */
		DE9523442C298B620097C273 /* Build configuration list for PBXProject "CustomFontTutorial" */ = {
			isa = XCConfigurationList;
			buildConfigurations = (
				DE9523552C298B630097C273 /* Debug */,
				DE9523562C298B630097C273 /* Release */,
			);
			defaultConfigurationIsVisible = 0;
			defaultConfigurationName = Release;
		};
		DE9523572C298B630097C273 /* Build configuration list for PBXNativeTarget "CustomFontTutorial" */ = {
			isa = XCConfigurationList;
			buildConfigurations = (
				DE9523582C298B630097C273 /* Debug */,
				DE9523592C298B630097C273 /* Release */,
			);
			defaultConfigurationIsVisible = 0;
			defaultConfigurationName = Release;
		};
/* End XCConfigurationList section */
	};
	rootObject = DE9523412C298B620097C273 /* Project object */;
}
